
Microsoft Visual Studio Solution File, Format Version 12.00
# Visual Studio Version 17
VisualStudioVersion = 17.8.34322.80
MinimumVisualStudioVersion = 10.0.40219.1
Project("{9A19103F-16F7-4668-BE54-9A1E7A4F7556}") = "SHRework.ToolClient", "SHRework.ToolClient.csproj", "{3EA7A980-8FBB-46AB-992B-35DD99F44715}"
EndProject
Global
	GlobalSection(SolutionConfigurationPlatforms) = preSolution
		Debug|Any CPU = Debug|Any CPU
		Release|Any CPU = Release|Any CPU
	EndGlobalSection
	GlobalSection(ProjectConfigurationPlatforms) = postSolution
		{3EA7A980-8FBB-46AB-992B-35DD99F44715}.Debug|Any CPU.ActiveCfg = Debug|Any CPU
		{3EA7A980-8FBB-46AB-992B-35DD99F44715}.Debug|Any CPU.Build.0 = Debug|Any CPU
		{3EA7A980-8FBB-46AB-992B-35DD99F44715}.Release|Any CPU.ActiveCfg = Release|Any CPU
		{3EA7A980-8FBB-46AB-992B-35DD99F44715}.Release|Any CPU.Build.0 = Release|Any CPU
	EndGlobalSection
	GlobalSection(SolutionProperties) = preSolution
		HideSolutionNode = FALSE
	EndGlobalSection
	GlobalSection(ExtensibilityGlobals) = postSolution
		SolutionGuid = {08D4F13D-0F0A-45E9-ACAD-077DEA09DC96}
	EndGlobalSection
EndGlobal
